// !$*UTF8*$!
{
	archiveVersion = 1;
	classes = {
	};
	objectVersion = 55;
	objects = {

/* Begin PBXBuildFile section */
		0DBCED412911B4460013DF43 /* AppDelegate.swift in Sources */ = {isa = PBXBuildFile; fileRef = 0DBCED402911B4460013DF43 /* AppDelegate.swift */; };
		0DBCED432911B4460013DF43 /* SceneDelegate.swift in Sources */ = {isa = PBXBuildFile; fileRef = 0DBCED422911B4460013DF43 /* SceneDelegate.swift */; };
		0DBCED452911B4460013DF43 /* ViewController.swift in Sources */ = {isa = PBXBuildFile; fileRef = 0DBCED442911B4460013DF43 /* ViewController.swift */; };
		0DBCED482911B4460013DF43 /* Main.storyboard in Resources */ = {isa = PBXBuildFile; fileRef = 0DBCED462911B4460013DF43 /* Main.storyboard */; };
		0DBCED4A2911B4490013DF43 /* Assets.xcassets in Resources */ = {isa = PBXBuildFile; fileRef = 0DBCED492911B4490013DF43 /* Assets.xcassets */; };
		0DBCED4D2911B4490013DF43 /* LaunchScreen.storyboard in Resources */ = {isa = PBXBuildFile; fileRef = 0DBCED4B2911B4490013DF43 /* LaunchScreen.storyboard */; };
		0DBCED582911B4490013DF43 /* TestTests.swift in Sources */ = {isa = PBXBuildFile; fileRef = 0DBCED572911B4490013DF43 /* TestTests.swift */; };
		0DBCED622911B4490013DF43 /* TestUITests.swift in Sources */ = {isa = PBXBuildFile; fileRef = 0DBCED612911B4490013DF43 /* TestUITests.swift */; };
		0DBCED642911B4490013DF43 /* TestUITestsLaunchTests.swift in Sources */ = {isa = PBXBuildFile; fileRef = 0DBCED632911B4490013DF43 /* TestUITestsLaunchTests.swift */; };
/* End PBXBuildFile section */

/* Begin PBXContainerItemProxy section */
		0DBCED542911B4490013DF43 /* PBXContainerItemProxy */ = {
			isa = PBXContainerItemProxy;
			containerPortal = 0DBCED352911B4460013DF43 /* Project object */;
			proxyType = 1;
			remoteGlobalIDString = 0DBCED3C2911B4460013DF43;
			remoteInfo = Test;
		};
		0DBCED5E2911B4490013DF43 /* PBXContainerItemProxy */ = {
			isa = PBXContainerItemProxy;
			containerPortal = 0DBCED352911B4460013DF43 /* Project object */;
			proxyType = 1;
			remoteGlobalIDString = 0DBCED3C2911B4460013DF43;
			remoteInfo = Test;
		};
/* End PBXContainerItemProxy section */

/* Begin PBXFileReference section */
		0DBCED3D2911B4460013DF43 /* Test.app */ = {isa = PBXFileReference; explicitFileType = wrapper.application; includeInIndex = 0; path = Test.app; sourceTree = BUILT_PRODUCTS_DIR; };
		0DBCED402911B4460013DF43 /* AppDelegate.swift */ = {isa = PBXFileReference; lastKnownFileType = sourcecode.swift; path = AppDelegate.swift; sourceTree = "<group>"; };
		0DBCED422911B4460013DF43 /* SceneDelegate.swift */ = {isa = PBXFileReference; lastKnownFileType = sourcecode.swift; path = SceneDelegate.swift; sourceTree = "<group>"; };
		0DBCED442911B4460013DF43 /* ViewController.swift */ = {isa = PBXFileReference; lastKnownFileType = sourcecode.swift; path = ViewController.swift; sourceTree = "<group>"; };
		0DBCED472911B4460013DF43 /* Base */ = {isa = PBXFileReference; lastKnownFileType = file.storyboard; name = Base; path = Base.lproj/Main.storyboard; sourceTree = "<group>"; };
		0DBCED492911B4490013DF43 /* Assets.xcassets */ = {isa = PBXFileReference; lastKnownFileType = folder.assetcatalog; path = Assets.xcassets; sourceTree = "<group>"; };
		0DBCED4C2911B4490013DF43 /* Base */ = {isa = PBXFileReference; lastKnownFileType = file.storyboard; name = Base; path = Base.lproj/LaunchScreen.storyboard; sourceTree = "<group>"; };
		0DBCED4E2911B4490013DF43 /* Info.plist */ = {isa = PBXFileReference; lastKnownFileType = text.plist.xml; path = Info.plist; sourceTree = "<group>"; };
		0DBCED532911B4490013DF43 /* TestTests.xctest */ = {isa = PBXFileReference; explicitFileType = wrapper.cfbundle; includeInIndex = 0; path = TestTests.xctest; sourceTree = BUILT_PRODUCTS_DIR; };
		0DBCED572911B4490013DF43 /* TestTests.swift */ = {isa = PBXFileReference; lastKnownFileType = sourcecode.swift; path = TestTests.swift; sourceTree = "<group>"; };
		0DBCED5D2911B4490013DF43 /* TestUITests.xctest */ = {isa = PBXFileReference; explicitFileType = wrapper.cfbundle; includeInIndex = 0; path = TestUITests.xctest; sourceTree = BUILT_PRODUCTS_DIR; };
		0DBCED612911B4490013DF43 /* TestUITests.swift */ = {isa = PBXFileReference; lastKnownFileType = sourcecode.swift; path = TestUITests.swift; sourceTree = "<group>"; };
		0DBCED632911B4490013DF43 /* TestUITestsLaunchTests.swift */ = {isa = PBXFileReference; lastKnownFileType = sourcecode.swift; path = TestUITestsLaunchTests.swift; sourceTree = "<group>"; };
/* End PBXFileReference section */

/* Begin PBXFrameworksBuildPhase section */
		0DBCED3A2911B4460013DF43 /* Frameworks */ = {
			isa = PBXFrameworksBuildPhase;
			buildActionMask = 2147483647;
			files = (
			);
			runOnlyForDeploymentPostprocessing = 0;
		};
		0DBCED502911B4490013DF43 /* Frameworks */ = {
			isa = PBXFrameworksBuildPhase;
			buildActionMask = 2147483647;
			files = (
			);
			runOnlyForDeploymentPostprocessing = 0;
		};
		0DBCED5A2911B4490013DF43 /* Frameworks */ = {
			isa = PBXFrameworksBuildPhase;
			buildActionMask = 2147483647;
			files = (
			);
			runOnlyForDeploymentPostprocessing = 0;
		};
/* End PBXFrameworksBuildPhase section */

/* Begin PBXGroup section */
		0DBCED342911B4460013DF43 = {
			isa = PBXGroup;
			children = (
				0DBCED3F2911B4460013DF43 /* Test */,
				0DBCED562911B4490013DF43 /* TestTests */,
				0DBCED602911B4490013DF43 /* TestUITests */,
				0DBCED3E2911B4460013DF43 /* Products */,
			);
			sourceTree = "<group>";
		};
		0DBCED3E2911B4460013DF43 /* Products */ = {
			isa = PBXGroup;
			children = (
				0DBCED3D2911B4460013DF43 /* Test.app */,
				0DBCED532911B4490013DF43 /* TestTests.xctest */,
				0DBCED5D2911B4490013DF43 /* TestUITests.xctest */,
			);
			name = Products;
			sourceTree = "<group>";
		};
		0DBCED3F2911B4460013DF43 /* Test */ = {
			isa = PBXGroup;
			children = (
				0DBCED402911B4460013DF43 /* AppDelegate.swift */,
				0DBCED422911B4460013DF43 /* SceneDelegate.swift */,
				0DBCED442911B4460013DF43 /* ViewController.swift */,
				0DBCED462911B4460013DF43 /* Main.storyboard */,
				0DBCED492911B4490013DF43 /* Assets.xcassets */,
				0DBCED4B2911B4490013DF43 /* LaunchScreen.storyboard */,
				0DBCED4E2911B4490013DF43 /* Info.plist */,
			);
			path = Test;
			sourceTree = "<group>";
		};
		0DBCED562911B4490013DF43 /* TestTests */ = {
			isa = PBXGroup;
			children = (
				0DBCED572911B4490013DF43 /* TestTests.swift */,
			);
			path = TestTests;
			sourceTree = "<group>";
		};
		0DBCED602911B4490013DF43 /* TestUITests */ = {
			isa = PBXGroup;
			children = (
				0DBCED612911B4490013DF43 /* TestUITests.swift */,
				0DBCED632911B4490013DF43 /* TestUITestsLaunchTests.swift */,
			);
			path = TestUITests;
			sourceTree = "<group>";
		};
/* End PBXGroup section */

/* Begin PBXNativeTarget section */
		0DBCED3C2911B4460013DF43 /* Test */ = {
			isa = PBXNativeTarget;
			buildConfigurationList = 0DBCED672911B4490013DF43 /* Build configuration list for PBXNativeTarget "Test" */;
			buildPhases = (
				0DBCED392911B4460013DF43 /* Sources */,
				0DBCED3A2911B4460013DF43 /* Frameworks */,
				0DBCED3B2911B4460013DF43 /* Resources */,
			);
			buildRules = (
			);
			dependencies = (
			);
			name = Test;
			productName = Test;
			productReference = 0DBCED3D2911B4460013DF43 /* Test.app */;
			productType = "com.apple.product-type.application";
		};
		0DBCED522911B4490013DF43 /* TestTests */ = {
			isa = PBXNativeTarget;
			buildConfigurationList = 0DBCED6A2911B4490013DF43 /* Build configuration list for PBXNativeTarget "TestTests" */;
			buildPhases = (
				0DBCED4F2911B4490013DF43 /* Sources */,
				0DBCED502911B4490013DF43 /* Frameworks */,
				0DBCED512911B4490013DF43 /* Resources */,
			);
			buildRules = (
			);
			dependencies = (
				0DBCED552911B4490013DF43 /* PBXTargetDependency */,
			);
			name = TestTests;
			productName = TestTests;
			productReference = 0DBCED532911B4490013DF43 /* TestTests.xctest */;
			productType = "com.apple.product-type.bundle.unit-test";
		};
		0DBCED5C2911B4490013DF43 /* TestUITests */ = {
			isa = PBXNativeTarget;
			buildConfigurationList = 0DBCED6D2911B4490013DF43 /* Build configuration list for PBXNativeTarget "TestUITests" */;
			buildPhases = (
				0DBCED592911B4490013DF43 /* Sources */,
				0DBCED5A2911B4490013DF43 /* Frameworks */,
				0DBCED5B2911B4490013DF43 /* Resources */,
			);
			buildRules = (
			);
			dependencies = (
				0DBCED5F2911B4490013DF43 /* PBXTargetDependency */,
			);
			name = TestUITests;
			productName = TestUITests;
			productReference = 0DBCED5D2911B4490013DF43 /* TestUITests.xctest */;
			productType = "com.apple.product-type.bundle.ui-testing";
		};
/* End PBXNativeTarget section */

/* Begin PBXProject section */
		0DBCED352911B4460013DF43 /* Project object */ = {
			isa = PBXProject;
			attributes = {
				BuildIndependentTargetsInParallel = 1;
				LastSwiftUpdateCheck = 1340;
				LastUpgradeCheck = 1340;
				TargetAttributes = {
					0DBCED3C2911B4460013DF43 = {
						CreatedOnToolsVersion = 13.4.1;
					};
					0DBCED522911B4490013DF43 = {
						CreatedOnToolsVersion = 13.4.1;
						TestTargetID = 0DBCED3C2911B4460013DF43;
					};
					0DBCED5C2911B4490013DF43 = {
						CreatedOnToolsVersion = 13.4.1;
						TestTargetID = 0DBCED3C2911B4460013DF43;
					};
				};
			};
			buildConfigurationList = 0DBCED382911B4460013DF43 /* Build configuration list for PBXProject "Test" */;
			compatibilityVersion = "Xcode 13.0";
			developmentRegion = en;
			hasScannedForEncodings = 0;
			knownRegions = (
				en,
				Base,
			);
			mainGroup = 0DBCED342911B4460013DF43;
			productRefGroup = 0DBCED3E2911B4460013DF43 /* Products */;
			projectDirPath = "";
			projectRoot = "";
			targets = (
				0DBCED3C2911B4460013DF43 /* Test */,
				0DBCED522911B4490013DF43 /* TestTests */,
				0DBCED5C2911B4490013DF43 /* TestUITests */,
			);
		};
/* End PBXProject section */

/* Begin PBXResourcesBuildPhase section */
		0DBCED3B2911B4460013DF43 /* Resources */ = {
			isa = PBXResourcesBuildPhase;
			buildActionMask = 2147483647;
			files = (
				0DBCED4D2911B4490013DF43 /* LaunchScreen.storyboard in Resources */,
				0DBCED4A2911B4490013DF43 /* Assets.xcassets in Resources */,
				0DBCED482911B4460013DF43 /* Main.storyboard in Resources */,
			);
			runOnlyForDeploymentPostprocessing = 0;
		};
		0DBCED512911B4490013DF43 /* Resources */ = {
			isa = PBXResourcesBuildPhase;
			buildActionMask = 2147483647;
			files = (
			);
			runOnlyForDeploymentPostprocessing = 0;
		};
		0DBCED5B2911B4490013DF43 /* Resources */ = {
			isa = PBXResourcesBuildPhase;
			buildActionMask = 2147483647;
			files = (
			);
			runOnlyForDeploymentPostprocessing = 0;
		};
/* End PBXResourcesBuildPhase section */

/* Begin PBXSourcesBuildPhase section */
		0DBCED392911B4460013DF43 /* Sources */ = {
			isa = PBXSourcesBuildPhase;
			buildActionMask = 2147483647;
			files = (
				0DBCED452911B4460013DF43 /* ViewController.swift in Sources */,
				0DBCED412911B4460013DF43 /* AppDelegate.swift in Sources */,
				0DBCED432911B4460013DF43 /* SceneDelegate.swift in Sources */,
			);
			runOnlyForDeploymentPostprocessing = 0;
		};
		0DBCED4F2911B4490013DF43 /* Sources */ = {
			isa = PBXSourcesBuildPhase;
			buildActionMask = 2147483647;
			files = (
				0DBCED582911B4490013DF43 /* TestTests.swift in Sources */,
			);
			runOnlyForDeploymentPostprocessing = 0;
		};
		0DBCED592911B4490013DF43 /* Sources */ = {
			isa = PBXSourcesBuildPhase;
			buildActionMask = 2147483647;
			files = (
				0DBCED642911B4490013DF43 /* TestUITestsLaunchTests.swift in Sources */,
				0DBCED622911B4490013DF43 /* TestUITests.swift in Sources */,
			);
			runOnlyForDeploymentPostprocessing = 0;
		};
/* End PBXSourcesBuildPhase section */

/* Begin PBXTargetDependency section */
		0DBCED552911B4490013DF43 /* PBXTargetDependency */ = {
			isa = PBXTargetDependency;
			target = 0DBCED3C2911B4460013DF43 /* Test */;
			targetProxy = 0DBCED542911B4490013DF43 /* PBXContainerItemProxy */;
		};
		0DBCED5F2911B4490013DF43 /* PBXTargetDependency */ = {
			isa = PBXTargetDependency;
			target = 0DBCED3C2911B4460013DF43 /* Test */;
			targetProxy = 0DBCED5E2911B4490013DF43 /* PBXContainerItemProxy */;
		};
/* End PBXTargetDependency section */

/* Begin PBXVariantGroup section */
		0DBCED462911B4460013DF43 /* Main.storyboard */ = {
			isa = PBXVariantGroup;
			children = (
				0DBCED472911B4460013DF43 /* Base */,
			);
			name = Main.storyboard;
			sourceTree = "<group>";
		};
		0DBCED4B2911B4490013DF43 /* LaunchScreen.storyboard */ = {
			isa = PBXVariantGroup;
			children = (
				0DBCED4C2911B4490013DF43 /* Base */,
			);
			name = LaunchScreen.storyboard;
			sourceTree = "<group>";
		};
/* End PBXVariantGroup section */

/* Begin XCBuildConfiguration section */
		0DBCED652911B4490013DF43 /* Debug */ = {
			isa = XCBuildConfiguration;
			buildSettings = {
				ALWAYS_SEARCH_USER_PATHS = NO;
				CLANG_ANALYZER_NONNULL = YES;
				CLANG_ANALYZER_NUMBER_OBJECT_CONVERSION = YES_AGGRESSIVE;
				CLANG_CXX_LANGUAGE_STANDARD = "gnu++17";
				CLANG_ENABLE_MODULES = YES;
				CLANG_ENABLE_OBJC_ARC = YES;
				CLANG_ENABLE_OBJC_WEAK = YES;
				CLANG_WARN_BLOCK_CAPTURE_AUTORELEASING = YES;
				CLANG_WARN_BOOL_CONVERSION = YES;
				CLANG_WARN_COMMA = YES;
				CLANG_WARN_CONSTANT_CONVERSION = YES;
				CLANG_WARN_DEPRECATED_OBJC_IMPLEMENTATIONS = YES;
				CLANG_WARN_DIRECT_OBJC_ISA_USAGE = YES_ERROR;
				CLANG_WARN_DOCUMENTATION_COMMENTS = YES;
				CLANG_WARN_EMPTY_BODY = YES;
				CLANG_WARN_ENUM_CONVERSION = YES;
				CLANG_WARN_INFINITE_RECURSION = YES;
				CLANG_WARN_INT_CONVERSION = YES;
				CLANG_WARN_NON_LITERAL_NULL_CONVERSION = YES;
				CLANG_WARN_OBJC_IMPLICIT_RETAIN_SELF = YES;
				CLANG_WARN_OBJC_LITERAL_CONVERSION = YES;
				CLANG_WARN_OBJC_ROOT_CLASS = YES_ERROR;
				CLANG_WARN_QUOTED_INCLUDE_IN_FRAMEWORK_HEADER = YES;
				CLANG_WARN_RANGE_LOOP_ANALYSIS = YES;
				CLANG_WARN_STRICT_PROTOTYPES = YES;
				CLANG_WARN_SUSPICIOUS_MOVE = YES;
				CLANG_WARN_UNGUARDED_AVAILABILITY = YES_AGGRESSIVE;
				CLANG_WARN_UNREACHABLE_CODE = YES;
				CLANG_WARN__DUPLICATE_METHOD_MATCH = YES;
				COPY_PHASE_STRIP = NO;
				DEBUG_INFORMATION_FORMAT = dwarf;
				ENABLE_STRICT_OBJC_MSGSEND = YES;
				ENABLE_TESTABILITY = YES;
				GCC_C_LANGUAGE_STANDARD = gnu11;
				GCC_DYNAMIC_NO_PIC = NO;
				GCC_NO_COMMON_BLOCKS = YES;
				GCC_OPTIMIZATION_LEVEL = 0;
				GCC_PREPROCESSOR_DEFINITIONS = (
					"DEBUG=1",
					"$(inherited)",
				);
				GCC_WARN_64_TO_32_BIT_CONVERSION = YES;
				GCC_WARN_ABOUT_RETURN_TYPE = YES_ERROR;
				GCC_WARN_UNDECLARED_SELECTOR = YES;
				GCC_WARN_UNINITIALIZED_AUTOS = YES_AGGRESSIVE;
				GCC_WARN_UNUSED_FUNCTION = YES;
				GCC_WARN_UNUSED_VARIABLE = YES;
				IPHONEOS_DEPLOYMENT_TARGET = 15.5;
				MTL_ENABLE_DEBUG_INFO = INCLUDE_SOURCE;
				MTL_FAST_MATH = YES;
				ONLY_ACTIVE_ARCH = YES;
				SDKROOT = iphoneos;
				SWIFT_ACTIVE_COMPILATION_CONDITIONS = DEBUG;
				SWIFT_OPTIMIZATION_LEVEL = "-Onone";
			};
			name = Debug;
		};
		0DBCED662911B4490013DF43 /* Release */ = {
			isa = XCBuildConfiguration;
			buildSettings = {
				ALWAYS_SEARCH_USER_PATHS = NO;
				CLANG_ANALYZER_NONNULL = YES;
				CLANG_ANALYZER_NUMBER_OBJECT_CONVERSION = YES_AGGRESSIVE;
				CLANG_CXX_LANGUAGE_STANDARD = "gnu++17";
				CLANG_ENABLE_MODULES = YES;
				CLANG_ENABLE_OBJC_ARC = YES;
				CLANG_ENABLE_OBJC_WEAK = YES;
				CLANG_WARN_BLOCK_CAPTURE_AUTORELEASING = YES;
				CLANG_WARN_BOOL_CONVERSION = YES;
				CLANG_WARN_COMMA = YES;
				CLANG_WARN_CONSTANT_CONVERSION = YES;
				CLANG_WARN_DEPRECATED_OBJC_IMPLEMENTATIONS = YES;
				CLANG_WARN_DIRECT_OBJC_ISA_USAGE = YES_ERROR;
				CLANG_WARN_DOCUMENTATION_COMMENTS = YES;
				CLANG_WARN_EMPTY_BODY = YES;
				CLANG_WARN_ENUM_CONVERSION = YES;
				CLANG_WARN_INFINITE_RECURSION = YES;
				CLANG_WARN_INT_CONVERSION = YES;
				CLANG_WARN_NON_LITERAL_NULL_CONVERSION = YES;
				CLANG_WARN_OBJC_IMPLICIT_RETAIN_SELF = YES;
				CLANG_WARN_OBJC_LITERAL_CONVERSION = YES;
				CLANG_WARN_OBJC_ROOT_CLASS = YES_ERROR;
				CLANG_WARN_QUOTED_INCLUDE_IN_FRAMEWORK_HEADER = YES;
				CLANG_WARN_RANGE_LOOP_ANALYSIS = YES;
				CLANG_WARN_STRICT_PROTOTYPES = YES;
				CLANG_WARN_SUSPICIOUS_MOVE = YES;
				CLANG_WARN_UNGUARDED_AVAILABILITY = YES_AGGRESSIVE;
				CLANG_WARN_UNREACHABLE_CODE = YES;
				CLANG_WARN__DUPLICATE_METHOD_MATCH = YES;
				COPY_PHASE_STRIP = NO;
				DEBUG_INFORMATION_FORMAT = "dwarf-with-dsym";
				ENABLE_NS_ASSERTIONS = NO;
				ENABLE_STRICT_OBJC_MSGSEND = YES;
				GCC_C_LANGUAGE_STANDARD = gnu11;
				GCC_NO_COMMON_BLOCKS = YES;
				GCC_WARN_64_TO_32_BIT_CONVERSION = YES;
				GCC_WARN_ABOUT_RETURN_TYPE = YES_ERROR;
				GCC_WARN_UNDECLARED_SELECTOR = YES;
				GCC_WARN_UNINITIALIZED_AUTOS = YES_AGGRESSIVE;
				GCC_WARN_UNUSED_FUNCTION = YES;
				GCC_WARN_UNUSED_VARIABLE = YES;
				IPHONEOS_DEPLOYMENT_TARGET = 15.5;
				MTL_ENABLE_DEBUG_INFO = NO;
				MTL_FAST_MATH = YES;
				SDKROOT = iphoneos;
				SWIFT_COMPILATION_MODE = wholemodule;
				SWIFT_OPTIMIZATION_LEVEL = "-O";
				VALIDATE_PRODUCT = YES;
			};
			name = Release;
		};
		0DBCED682911B4490013DF43 /* Debug */ = {
			isa = XCBuildConfiguration;
			buildSettings = {
				ASSETCATALOG_COMPILER_APPICON_NAME = AppIcon;
				ASSETCATALOG_COMPILER_GLOBAL_ACCENT_COLOR_NAME = AccentColor;
				CODE_SIGN_STYLE = Automatic;
				CURRENT_PROJECT_VERSION = 1;
				GENERATE_INFOPLIST_FILE = YES;
				INFOPLIST_FILE = Test/Info.plist;
				INFOPLIST_KEY_UIApplicationSupportsIndirectInputEvents = YES;
				INFOPLIST_KEY_UILaunchStoryboardName = LaunchScreen;
				INFOPLIST_KEY_UIMainStoryboardFile = Main;
				INFOPLIST_KEY_UISupportedInterfaceOrientations_iPad = "UIInterfaceOrientationPortrait UIInterfaceOrientationPortraitUpsideDown UIInterfaceOrientationLandscapeLeft UIInterfaceOrientationLandscapeRight";
				INFOPLIST_KEY_UISupportedInterfaceOrientations_iPhone = "UIInterfaceOrientationPortrait UIInterfaceOrientationLandscapeLeft UIInterfaceOrientationLandscapeRight";
				LD_RUNPATH_SEARCH_PATHS = (
					"$(inherited)",
					"@executable_path/Frameworks",
				);
				MARKETING_VERSION = 1.0;
				PRODUCT_BUNDLE_IDENTIFIER = picsart.com.Test;
				PRODUCT_NAME = "$(TARGET_NAME)";
				SWIFT_EMIT_LOC_STRINGS = YES;
				SWIFT_VERSION = 5.0;
				TARGETED_DEVICE_FAMILY = "1,2";
			};
			name = Debug;
		};
		0DBCED692911B4490013DF43 /* Release */ = {
			isa = XCBuildConfiguration;
			buildSettings = {
				ASSETCATALOG_COMPILER_APPICON_NAME = AppIcon;
				ASSETCATALOG_COMPILER_GLOBAL_ACCENT_COLOR_NAME = AccentColor;
				CODE_SIGN_STYLE = Automatic;
				CURRENT_PROJECT_VERSION = 1;
				GENERATE_INFOPLIST_FILE = YES;
				INFOPLIST_FILE = Test/Info.plist;
				INFOPLIST_KEY_UIApplicationSupportsIndirectInputEvents = YES;
				INFOPLIST_KEY_UILaunchStoryboardName = LaunchScreen;
				INFOPLIST_KEY_UIMainStoryboardFile = Main;
				INFOPLIST_KEY_UISupportedInterfaceOrientations_iPad = "UIInterfaceOrientationPortrait UIInterfaceOrientationPortraitUpsideDown UIInterfaceOrientationLandscapeLeft UIInterfaceOrientationLandscapeRight";
				INFOPLIST_KEY_UISupportedInterfaceOrientations_iPhone = "UIInterfaceOrientationPortrait UIInterfaceOrientationLandscapeLeft UIInterfaceOrientationLandscapeRight";
				LD_RUNPATH_SEARCH_PATHS = (
					"$(inherited)",
					"@executable_path/Frameworks",
				);
				MARKETING_VERSION = 1.0;
				PRODUCT_BUNDLE_IDENTIFIER = picsart.com.Test;
				PRODUCT_NAME = "$(TARGET_NAME)";
				SWIFT_EMIT_LOC_STRINGS = YES;
				SWIFT_VERSION = 5.0;
				TARGETED_DEVICE_FAMILY = "1,2";
			};
			name = Release;
		};
		0DBCED6B2911B4490013DF43 /* Debug */ = {
			isa = XCBuildConfiguration;
			buildSettings = {
				ALWAYS_EMBED_SWIFT_STANDARD_LIBRARIES = YES;
				BUNDLE_LOADER = "$(TEST_HOST)";
				CODE_SIGN_STYLE = Automatic;
				CURRENT_PROJECT_VERSION = 1;
				GENERATE_INFOPLIST_FILE = YES;
				IPHONEOS_DEPLOYMENT_TARGET = 15.5;
				MARKETING_VERSION = 1.0;
				PRODUCT_BUNDLE_IDENTIFIER = picsart.com.TestTests;
				PRODUCT_NAME = "$(TARGET_NAME)";
				SWIFT_EMIT_LOC_STRINGS = NO;
				SWIFT_VERSION = 5.0;
				TARGETED_DEVICE_FAMILY = "1,2";
				TEST_HOST = "$(BUILT_PRODUCTS_DIR)/Test.app/Test";
			};
			name = Debug;
		};
		0DBCED6C2911B4490013DF43 /* Release */ = {
			isa = XCBuildConfiguration;
			buildSettings = {
				ALWAYS_EMBED_SWIFT_STANDARD_LIBRARIES = YES;
				BUNDLE_LOADER = "$(TEST_HOST)";
				CODE_SIGN_STYLE = Automatic;
				CURRENT_PROJECT_VERSION = 1;
				GENERATE_INFOPLIST_FILE = YES;
				IPHONEOS_DEPLOYMENT_TARGET = 15.5;
				MARKETING_VERSION = 1.0;
				PRODUCT_BUNDLE_IDENTIFIER = picsart.com.TestTests;
				PRODUCT_NAME = "$(TARGET_NAME)";
				SWIFT_EMIT_LOC_STRINGS = NO;
				SWIFT_VERSION = 5.0;
				TARGETED_DEVICE_FAMILY = "1,2";
				TEST_HOST = "$(BUILT_PRODUCTS_DIR)/Test.app/Test";
			};
			name = Release;
		};
		0DBCED6E2911B4490013DF43 /* Debug */ = {
			isa = XCBuildConfiguration;
			buildSettings = {
				ALWAYS_EMBED_SWIFT_STANDARD_LIBRARIES = YES;
				CODE_SIGN_STYLE = Automatic;
				CURRENT_PROJECT_VERSION = 1;
				GENERATE_INFOPLIST_FILE = YES;
				MARKETING_VERSION = 1.0;
				PRODUCT_BUNDLE_IDENTIFIER = picsart.com.TestUITests;
				PRODUCT_NAME = "$(TARGET_NAME)";
				SWIFT_EMIT_LOC_STRINGS = NO;
				SWIFT_VERSION = 5.0;
				TARGETED_DEVICE_FAMILY = "1,2";
				TEST_TARGET_NAME = Test;
			};
			name = Debug;
		};
		0DBCED6F2911B4490013DF43 /* Release */ = {
			isa = XCBuildConfiguration;
			buildSettings = {
				ALWAYS_EMBED_SWIFT_STANDARD_LIBRARIES = YES;
				CODE_SIGN_STYLE = Automatic;
				CURRENT_PROJECT_VERSION = 1;
				GENERATE_INFOPLIST_FILE = YES;
				MARKETING_VERSION = 1.0;
				PRODUCT_BUNDLE_IDENTIFIER = picsart.com.TestUITests;
				PRODUCT_NAME = "$(TARGET_NAME)";
				SWIFT_EMIT_LOC_STRINGS = NO;
				SWIFT_VERSION = 5.0;
				TARGETED_DEVICE_FAMILY = "1,2";
				TEST_TARGET_NAME = Test;
			};
			name = Release;
		};
/* End XCBuildConfiguration section */

/* Begin XCConfigurationList section */
		0DBCED382911B4460013DF43 /* Build configuration list for PBXProject "Test" */ = {
			isa = XCConfigurationList;
			buildConfigurations = (
				0DBCED652911B4490013DF43 /* Debug */,
				0DBCED662911B4490013DF43 /* Release */,
			);
			defaultConfigurationIsVisible = 0;
			defaultConfigurationName = Release;
		};
		0DBCED672911B4490013DF43 /* Build configuration list for PBXNativeTarget "Test" */ = {
			isa = XCConfigurationList;
			buildConfigurations = (
				0DBCED682911B4490013DF43 /* Debug */,
				0DBCED692911B4490013DF43 /* Release */,
			);
			defaultConfigurationIsVisible = 0;
			defaultConfigurationName = Release;
		};
		0DBCED6A2911B4490013DF43 /* Build configuration list for PBXNativeTarget "TestTests" */ = {
			isa = XCConfigurationList;
			buildConfigurations = (
				0DBCED6B2911B4490013DF43 /* Debug */,
				0DBCED6C2911B4490013DF43 /* Release */,
			);
			defaultConfigurationIsVisible = 0;
			defaultConfigurationName = Release;
		};
		0DBCED6D2911B4490013DF43 /* Build configuration list for PBXNativeTarget "TestUITests" */ = {
			isa = XCConfigurationList;
			buildConfigurations = (
				0DBCED6E2911B4490013DF43 /* Debug */,
				0DBCED6F2911B4490013DF43 /* Release */,
			);
			defaultConfigurationIsVisible = 0;
			defaultConfigurationName = Release;
		};
/* End XCConfigurationList section */
	};
	rootObject = 0DBCED352911B4460013DF43 /* Project object */;
}
